// !$*UTF8*$!
{
	archiveVersion = 1;
	classes = {
	};
	objectVersion = 46;
	objects = {

/* Begin PBXBuildFile section */
		03054E781C06A10D0067CF8C /* Basic.json in Resources */ = {isa = PBXBuildFile; fileRef = 03054E771C06A10D0067CF8C /* Basic.json */; };
		03054E7A1C06D2880067CF8C /* InvoiceTemplate.swift in Sources */ = {isa = PBXBuildFile; fileRef = 03054E791C06D2880067CF8C /* InvoiceTemplate.swift */; };
		032A88D11BE56D74005AC234 /* EEBSimpleTableCellView.swift in Sources */ = {isa = PBXBuildFile; fileRef = 032A88D01BE56D74005AC234 /* EEBSimpleTableCellView.swift */; };
		032A88D41BE69856005AC234 /* arrow-right-black-48.png in Resources */ = {isa = PBXBuildFile; fileRef = 032A88D31BE69856005AC234 /* arrow-right-black-48.png */; };
		032A88D61BE6AFB8005AC234 /* delete.png in Resources */ = {isa = PBXBuildFile; fileRef = 032A88D51BE6AFB8005AC234 /* delete.png */; };
		032A88D81BE6B0DA005AC234 /* EEBOverlayView.swift in Sources */ = {isa = PBXBuildFile; fileRef = 032A88D71BE6B0DA005AC234 /* EEBOverlayView.swift */; };
		033FB2861BFD8565001020A3 /* Main.storyboard in Resources */ = {isa = PBXBuildFile; fileRef = 033FB2841BFD8565001020A3 /* Main.storyboard */; };
		034DA68C1BFAB7CA004ECFD4 /* EEBInvoiceViewController.swift in Sources */ = {isa = PBXBuildFile; fileRef = 034DA68B1BFAB7CA004ECFD4 /* EEBInvoiceViewController.swift */; };
		0378FAF11BE717F100F06307 /* EEBBorderedPictureButton.swift in Sources */ = {isa = PBXBuildFile; fileRef = 0378FAF01BE717F100F06307 /* EEBBorderedPictureButton.swift */; };
		0378FAF31BE71B8900F06307 /* arrow-left-black-48.png in Resources */ = {isa = PBXBuildFile; fileRef = 0378FAF21BE71B8900F06307 /* arrow-left-black-48.png */; };
		0378FAF51BE7B5F000F06307 /* settings-48.png in Resources */ = {isa = PBXBuildFile; fileRef = 0378FAF41BE7B5F000F06307 /* settings-48.png */; };
		0378FAF71BE7B60100F06307 /* square-inc-cash-48.png in Resources */ = {isa = PBXBuildFile; fileRef = 0378FAF61BE7B60100F06307 /* square-inc-cash-48.png */; };
		0382E6BA1BF3DC05002CABF5 /* Timer.swift in Sources */ = {isa = PBXBuildFile; fileRef = 0382E6B91BF3DC05002CABF5 /* Timer.swift */; };
		0382E6C31BF3ED29002CABF5 /* constants.swift in Sources */ = {isa = PBXBuildFile; fileRef = 0382E6C21BF3ED29002CABF5 /* constants.swift */; };
		0382E6C51BF407DD002CABF5 /* stop32.png in Resources */ = {isa = PBXBuildFile; fileRef = 0382E6C41BF407DD002CABF5 /* stop32.png */; };
		0382E6C71BF4086B002CABF5 /* pause32.png in Resources */ = {isa = PBXBuildFile; fileRef = 0382E6C61BF4086B002CABF5 /* pause32.png */; };
		039A836F1BFADC4B00BD64C7 /* share-48.png in Resources */ = {isa = PBXBuildFile; fileRef = 039A836E1BFADC4B00BD64C7 /* share-48.png */; };
		03A9F5CD1C0234680041A954 /* NSToolbar+findItems.swift in Sources */ = {isa = PBXBuildFile; fileRef = 03A9F5CC1C0234680041A954 /* NSToolbar+findItems.swift */; };
		03A9F5CF1C0240890041A954 /* EEBTimingSessionsViewController.swift in Sources */ = {isa = PBXBuildFile; fileRef = 03A9F5CE1C0240890041A954 /* EEBTimingSessionsViewController.swift */; };
		03A9F5D11C0253C50041A954 /* NSTimerInterval+String.swift in Sources */ = {isa = PBXBuildFile; fileRef = 03A9F5D01C0253C50041A954 /* NSTimerInterval+String.swift */; };
		03A9F5D31C03E1600041A954 /* EEBPDFInvoiceCreator.swift in Sources */ = {isa = PBXBuildFile; fileRef = 03A9F5D21C03E1600041A954 /* EEBPDFInvoiceCreator.swift */; };
		03B67CFF1BDFD03B005CD45E /* AppData.xcdatamodeld in Sources */ = {isa = PBXBuildFile; fileRef = 03B67CFD1BDFD03B005CD45E /* AppData.xcdatamodeld */; };
		03B67D011BE084D8005CD45E /* PersistentStoreManager.swift in Sources */ = {isa = PBXBuildFile; fileRef = 03B67D001BE084D8005CD45E /* PersistentStoreManager.swift */; };
		03B67D0A1BE08709005CD45E /* TimingSession+CoreDataProperties.swift in Sources */ = {isa = PBXBuildFile; fileRef = 03B67D021BE08709005CD45E /* TimingSession+CoreDataProperties.swift */; };
		03B67D0B1BE08709005CD45E /* TimingSession.swift in Sources */ = {isa = PBXBuildFile; fileRef = 03B67D031BE08709005CD45E /* TimingSession.swift */; };
		03B67D0C1BE08709005CD45E /* Job+CoreDataProperties.swift in Sources */ = {isa = PBXBuildFile; fileRef = 03B67D041BE08709005CD45E /* Job+CoreDataProperties.swift */; };
		03B67D0D1BE08709005CD45E /* Job.swift in Sources */ = {isa = PBXBuildFile; fileRef = 03B67D051BE08709005CD45E /* Job.swift */; };
		03B67D0E1BE08709005CD45E /* Invoice+CoreDataProperties.swift in Sources */ = {isa = PBXBuildFile; fileRef = 03B67D061BE08709005CD45E /* Invoice+CoreDataProperties.swift */; };
		03B67D0F1BE08709005CD45E /* Invoice.swift in Sources */ = {isa = PBXBuildFile; fileRef = 03B67D071BE08709005CD45E /* Invoice.swift */; };
		03B67D101BE08709005CD45E /* Client+CoreDataProperties.swift in Sources */ = {isa = PBXBuildFile; fileRef = 03B67D081BE08709005CD45E /* Client+CoreDataProperties.swift */; };
		03B67D111BE08709005CD45E /* Client.swift in Sources */ = {isa = PBXBuildFile; fileRef = 03B67D091BE08709005CD45E /* Client.swift */; };
		03B67D151BE117BA005CD45E /* client128.png in Resources */ = {isa = PBXBuildFile; fileRef = 03B67D141BE117BA005CD45E /* client128.png */; };
		03B67D181BE12D0B005CD45E /* EEBJobViewController.swift in Sources */ = {isa = PBXBuildFile; fileRef = 03B67D171BE12D0B005CD45E /* EEBJobViewController.swift */; };
		03B67D1A1BE13A0C005CD45E /* EEBNavigationController.swift in Sources */ = {isa = PBXBuildFile; fileRef = 03B67D191BE13A0C005CD45E /* EEBNavigationController.swift */; };
		03B67D1C1BE16498005CD45E /* EEBBaseTableViewController.swift in Sources */ = {isa = PBXBuildFile; fileRef = 03B67D1B1BE16498005CD45E /* EEBBaseTableViewController.swift */; };
		03B67D1E1BE26FA0005CD45E /* suitcase32.png in Resources */ = {isa = PBXBuildFile; fileRef = 03B67D1D1BE26FA0005CD45E /* suitcase32.png */; };
		03B67D201BE273F4005CD45E /* receipt-us32.png in Resources */ = {isa = PBXBuildFile; fileRef = 03B67D1F1BE273F4005CD45E /* receipt-us32.png */; };
		03B67D221BE27475005CD45E /* play32.png in Resources */ = {isa = PBXBuildFile; fileRef = 03B67D211BE27475005CD45E /* play32.png */; };
		03B67D251BE27632005CD45E /* EEBStatusView.swift in Sources */ = {isa = PBXBuildFile; fileRef = 03B67D241BE27632005CD45E /* EEBStatusView.swift */; };
		03C269A41BDF2ABB00DAA4E7 /* AppDelegate.swift in Sources */ = {isa = PBXBuildFile; fileRef = 03C269A31BDF2ABB00DAA4E7 /* AppDelegate.swift */; };
		03C269A61BDF2ABB00DAA4E7 /* EEBClientViewController.swift in Sources */ = {isa = PBXBuildFile; fileRef = 03C269A51BDF2ABB00DAA4E7 /* EEBClientViewController.swift */; };
		03C269A81BDF2ABB00DAA4E7 /* Assets.xcassets in Resources */ = {isa = PBXBuildFile; fileRef = 03C269A71BDF2ABB00DAA4E7 /* Assets.xcassets */; };
		03C269B61BDF2ABB00DAA4E7 /* Task_TrackerTests.swift in Sources */ = {isa = PBXBuildFile; fileRef = 03C269B51BDF2ABB00DAA4E7 /* Task_TrackerTests.swift */; };
		03C269C11BDF2B7700DAA4E7 /* MainWindowController.swift in Sources */ = {isa = PBXBuildFile; fileRef = 03C269C01BDF2B7700DAA4E7 /* MainWindowController.swift */; };
/* End PBXBuildFile section */

/* Begin PBXContainerItemProxy section */
		03C269B21BDF2ABB00DAA4E7 /* PBXContainerItemProxy */ = {
			isa = PBXContainerItemProxy;
			containerPortal = 03C269981BDF2ABB00DAA4E7 /* Project object */;
			proxyType = 1;
			remoteGlobalIDString = 03C2699F1BDF2ABB00DAA4E7;
			remoteInfo = "Task Tracker";
		};
/* End PBXContainerItemProxy section */

/* Begin PBXFileReference section */
		03054E771C06A10D0067CF8C /* Basic.json */ = {isa = PBXFileReference; fileEncoding = 4; lastKnownFileType = text.json; path = Basic.json; sourceTree = "<group>"; };
		03054E791C06D2880067CF8C /* InvoiceTemplate.swift */ = {isa = PBXFileReference; fileEncoding = 4; lastKnownFileType = sourcecode.swift; path = InvoiceTemplate.swift; sourceTree = "<group>"; };
		032A88D01BE56D74005AC234 /* EEBSimpleTableCellView.swift */ = {isa = PBXFileReference; fileEncoding = 4; lastKnownFileType = sourcecode.swift; path = EEBSimpleTableCellView.swift; sourceTree = "<group>"; };
		032A88D31BE69856005AC234 /* arrow-right-black-48.png */ = {isa = PBXFileReference; lastKnownFileType = image.png; path = "arrow-right-black-48.png"; sourceTree = "<group>"; };
		032A88D51BE6AFB8005AC234 /* delete.png */ = {isa = PBXFileReference; lastKnownFileType = image.png; path = delete.png; sourceTree = "<group>"; };
		032A88D71BE6B0DA005AC234 /* EEBOverlayView.swift */ = {isa = PBXFileReference; fileEncoding = 4; lastKnownFileType = sourcecode.swift; path = EEBOverlayView.swift; sourceTree = "<group>"; };
		033FB2851BFD8565001020A3 /* Base */ = {isa = PBXFileReference; lastKnownFileType = file.storyboard; name = Base; path = "Task Tracker/Base.lproj/Main.storyboard"; sourceTree = "<group>"; };
		034DA68B1BFAB7CA004ECFD4 /* EEBInvoiceViewController.swift */ = {isa = PBXFileReference; fileEncoding = 4; lastKnownFileType = sourcecode.swift; path = EEBInvoiceViewController.swift; sourceTree = "<group>"; };
		0378FAF01BE717F100F06307 /* EEBBorderedPictureButton.swift */ = {isa = PBXFileReference; fileEncoding = 4; lastKnownFileType = sourcecode.swift; path = EEBBorderedPictureButton.swift; sourceTree = "<group>"; };
		0378FAF21BE71B8900F06307 /* arrow-left-black-48.png */ = {isa = PBXFileReference; lastKnownFileType = image.png; path = "arrow-left-black-48.png"; sourceTree = "<group>"; };
		0378FAF41BE7B5F000F06307 /* settings-48.png */ = {isa = PBXFileReference; lastKnownFileType = image.png; path = "settings-48.png"; sourceTree = "<group>"; };
		0378FAF61BE7B60100F06307 /* square-inc-cash-48.png */ = {isa = PBXFileReference; lastKnownFileType = image.png; path = "square-inc-cash-48.png"; sourceTree = "<group>"; };
		0382E6B91BF3DC05002CABF5 /* Timer.swift */ = {isa = PBXFileReference; fileEncoding = 4; lastKnownFileType = sourcecode.swift; path = Timer.swift; sourceTree = "<group>"; };
		0382E6C21BF3ED29002CABF5 /* constants.swift */ = {isa = PBXFileReference; fileEncoding = 4; lastKnownFileType = sourcecode.swift; path = constants.swift; sourceTree = "<group>"; };
		0382E6C41BF407DD002CABF5 /* stop32.png */ = {isa = PBXFileReference; lastKnownFileType = image.png; path = stop32.png; sourceTree = "<group>"; };
		0382E6C61BF4086B002CABF5 /* pause32.png */ = {isa = PBXFileReference; lastKnownFileType = image.png; path = pause32.png; sourceTree = "<group>"; };
		039A836E1BFADC4B00BD64C7 /* share-48.png */ = {isa = PBXFileReference; lastKnownFileType = image.png; path = "share-48.png"; sourceTree = "<group>"; };
		03A9F5CC1C0234680041A954 /* NSToolbar+findItems.swift */ = {isa = PBXFileReference; fileEncoding = 4; lastKnownFileType = sourcecode.swift; path = "NSToolbar+findItems.swift"; sourceTree = "<group>"; };
		03A9F5CE1C0240890041A954 /* EEBTimingSessionsViewController.swift */ = {isa = PBXFileReference; fileEncoding = 4; lastKnownFileType = sourcecode.swift; path = EEBTimingSessionsViewController.swift; sourceTree = "<group>"; };
		03A9F5D01C0253C50041A954 /* NSTimerInterval+String.swift */ = {isa = PBXFileReference; fileEncoding = 4; lastKnownFileType = sourcecode.swift; path = "NSTimerInterval+String.swift"; sourceTree = "<group>"; };
		03A9F5D21C03E1600041A954 /* EEBPDFInvoiceCreator.swift */ = {isa = PBXFileReference; fileEncoding = 4; lastKnownFileType = sourcecode.swift; path = EEBPDFInvoiceCreator.swift; sourceTree = "<group>"; };
		03B67CFE1BDFD03B005CD45E /* AppData.xcdatamodel */ = {isa = PBXFileReference; lastKnownFileType = wrapper.xcdatamodel; path = AppData.xcdatamodel; sourceTree = "<group>"; };
		03B67D001BE084D8005CD45E /* PersistentStoreManager.swift */ = {isa = PBXFileReference; fileEncoding = 4; lastKnownFileType = sourcecode.swift; path = PersistentStoreManager.swift; sourceTree = "<group>"; };
		03B67D021BE08709005CD45E /* TimingSession+CoreDataProperties.swift */ = {isa = PBXFileReference; fileEncoding = 4; lastKnownFileType = sourcecode.swift; name = "TimingSession+CoreDataProperties.swift"; path = "../CoreData Generated/TimingSession+CoreDataProperties.swift"; sourceTree = "<group>"; };
		03B67D031BE08709005CD45E /* TimingSession.swift */ = {isa = PBXFileReference; fileEncoding = 4; lastKnownFileType = sourcecode.swift; name = TimingSession.swift; path = "../CoreData Generated/TimingSession.swift"; sourceTree = "<group>"; };
		03B67D041BE08709005CD45E /* Job+CoreDataProperties.swift */ = {isa = PBXFileReference; fileEncoding = 4; lastKnownFileType = sourcecode.swift; name = "Job+CoreDataProperties.swift"; path = "../CoreData Generated/Job+CoreDataProperties.swift"; sourceTree = "<group>"; };
		03B67D051BE08709005CD45E /* Job.swift */ = {isa = PBXFileReference; fileEncoding = 4; lastKnownFileType = sourcecode.swift; name = Job.swift; path = "../CoreData Generated/Job.swift"; sourceTree = "<group>"; };
		03B67D061BE08709005CD45E /* Invoice+CoreDataProperties.swift */ = {isa = PBXFileReference; fileEncoding = 4; lastKnownFileType = sourcecode.swift; name = "Invoice+CoreDataProperties.swift"; path = "../CoreData Generated/Invoice+CoreDataProperties.swift"; sourceTree = "<group>"; };
		03B67D071BE08709005CD45E /* Invoice.swift */ = {isa = PBXFileReference; fileEncoding = 4; lastKnownFileType = sourcecode.swift; name = Invoice.swift; path = "../CoreData Generated/Invoice.swift"; sourceTree = "<group>"; };
		03B67D081BE08709005CD45E /* Client+CoreDataProperties.swift */ = {isa = PBXFileReference; fileEncoding = 4; lastKnownFileType = sourcecode.swift; name = "Client+CoreDataProperties.swift"; path = "../CoreData Generated/Client+CoreDataProperties.swift"; sourceTree = "<group>"; };
		03B67D091BE08709005CD45E /* Client.swift */ = {isa = PBXFileReference; fileEncoding = 4; lastKnownFileType = sourcecode.swift; name = Client.swift; path = "../CoreData Generated/Client.swift"; sourceTree = "<group>"; };
		03B67D141BE117BA005CD45E /* client128.png */ = {isa = PBXFileReference; lastKnownFileType = image.png; path = client128.png; sourceTree = "<group>"; };
		03B67D171BE12D0B005CD45E /* EEBJobViewController.swift */ = {isa = PBXFileReference; fileEncoding = 4; lastKnownFileType = sourcecode.swift; path = EEBJobViewController.swift; sourceTree = "<group>"; };
		03B67D191BE13A0C005CD45E /* EEBNavigationController.swift */ = {isa = PBXFileReference; fileEncoding = 4; lastKnownFileType = sourcecode.swift; path = EEBNavigationController.swift; sourceTree = "<group>"; };
		03B67D1B1BE16498005CD45E /* EEBBaseTableViewController.swift */ = {isa = PBXFileReference; fileEncoding = 4; lastKnownFileType = sourcecode.swift; path = EEBBaseTableViewController.swift; sourceTree = "<group>"; };
		03B67D1D1BE26FA0005CD45E /* suitcase32.png */ = {isa = PBXFileReference; lastKnownFileType = image.png; path = suitcase32.png; sourceTree = "<group>"; };
		03B67D1F1BE273F4005CD45E /* receipt-us32.png */ = {isa = PBXFileReference; lastKnownFileType = image.png; path = "receipt-us32.png"; sourceTree = "<group>"; };
		03B67D211BE27475005CD45E /* play32.png */ = {isa = PBXFileReference; lastKnownFileType = image.png; path = play32.png; sourceTree = "<group>"; };
		03B67D241BE27632005CD45E /* EEBStatusView.swift */ = {isa = PBXFileReference; fileEncoding = 4; lastKnownFileType = sourcecode.swift; path = EEBStatusView.swift; sourceTree = "<group>"; };
		03C269A01BDF2ABB00DAA4E7 /* Task Tracker.app */ = {isa = PBXFileReference; explicitFileType = wrapper.application; includeInIndex = 0; path = "Task Tracker.app"; sourceTree = BUILT_PRODUCTS_DIR; };
		03C269A31BDF2ABB00DAA4E7 /* AppDelegate.swift */ = {isa = PBXFileReference; lastKnownFileType = sourcecode.swift; path = AppDelegate.swift; sourceTree = "<group>"; };
		03C269A51BDF2ABB00DAA4E7 /* EEBClientViewController.swift */ = {isa = PBXFileReference; lastKnownFileType = sourcecode.swift; path = EEBClientViewController.swift; sourceTree = "<group>"; };
		03C269A71BDF2ABB00DAA4E7 /* Assets.xcassets */ = {isa = PBXFileReference; lastKnownFileType = folder.assetcatalog; path = Assets.xcassets; sourceTree = "<group>"; };
		03C269AC1BDF2ABB00DAA4E7 /* Info.plist */ = {isa = PBXFileReference; lastKnownFileType = text.plist.xml; path = Info.plist; sourceTree = "<group>"; };
		03C269B11BDF2ABB00DAA4E7 /* Task TrackerTests.xctest */ = {isa = PBXFileReference; explicitFileType = wrapper.cfbundle; includeInIndex = 0; path = "Task TrackerTests.xctest"; sourceTree = BUILT_PRODUCTS_DIR; };
		03C269B51BDF2ABB00DAA4E7 /* Task_TrackerTests.swift */ = {isa = PBXFileReference; lastKnownFileType = sourcecode.swift; path = Task_TrackerTests.swift; sourceTree = "<group>"; };
		03C269B71BDF2ABB00DAA4E7 /* Info.plist */ = {isa = PBXFileReference; lastKnownFileType = text.plist.xml; path = Info.plist; sourceTree = "<group>"; };
		03C269C01BDF2B7700DAA4E7 /* MainWindowController.swift */ = {isa = PBXFileReference; fileEncoding = 4; lastKnownFileType = sourcecode.swift; path = MainWindowController.swift; sourceTree = "<group>"; };
/* End PBXFileReference section */

/* Begin PBXFrameworksBuildPhase section */
		03C2699D1BDF2ABB00DAA4E7 /* Frameworks */ = {
			isa = PBXFrameworksBuildPhase;
			buildActionMask = 2147483647;
			files = (
			);
			runOnlyForDeploymentPostprocessing = 0;
		};
		03C269AE1BDF2ABB00DAA4E7 /* Frameworks */ = {
			isa = PBXFrameworksBuildPhase;
			buildActionMask = 2147483647;
			files = (
			);
			runOnlyForDeploymentPostprocessing = 0;
		};
/* End PBXFrameworksBuildPhase section */

/* Begin PBXGroup section */
		03054E761C06A0DC0067CF8C /* Invoice Templates */ = {
			isa = PBXGroup;
			children = (
				03054E771C06A10D0067CF8C /* Basic.json */,
			);
			name = "Invoice Templates";
			sourceTree = "<group>";
		};
		032A88D21BE69831005AC234 /* Material design */ = {
			isa = PBXGroup;
			children = (
				032A88D31BE69856005AC234 /* arrow-right-black-48.png */,
				0378FAF21BE71B8900F06307 /* arrow-left-black-48.png */,
				0378FAF41BE7B5F000F06307 /* settings-48.png */,
				0378FAF61BE7B60100F06307 /* square-inc-cash-48.png */,
				039A836E1BFADC4B00BD64C7 /* share-48.png */,
			);
			name = "Material design";
			sourceTree = "<group>";
		};
		0382E6B81BF3DBE9002CABF5 /* Controller */ = {
			isa = PBXGroup;
			children = (
				0382E6B91BF3DC05002CABF5 /* Timer.swift */,
			);
			name = Controller;
			sourceTree = "<group>";
		};
		0382E6C11BF3ED20002CABF5 /* Helper */ = {
			isa = PBXGroup;
			children = (
				03A9F5CB1C0234470041A954 /* Categories */,
				0382E6C21BF3ED29002CABF5 /* constants.swift */,
			);
			name = Helper;
			sourceTree = "<group>";
		};
		03A9F5CB1C0234470041A954 /* Categories */ = {
			isa = PBXGroup;
			children = (
				03A9F5CC1C0234680041A954 /* NSToolbar+findItems.swift */,
				03A9F5D01C0253C50041A954 /* NSTimerInterval+String.swift */,
			);
			name = Categories;
			sourceTree = "<group>";
		};
		03B67CFB1BDFCB59005CD45E /* ViewControllers */ = {
			isa = PBXGroup;
			children = (
				03B67D1B1BE16498005CD45E /* EEBBaseTableViewController.swift */,
				03C269A51BDF2ABB00DAA4E7 /* EEBClientViewController.swift */,
				034DA68B1BFAB7CA004ECFD4 /* EEBInvoiceViewController.swift */,
				03B67D171BE12D0B005CD45E /* EEBJobViewController.swift */,
				03B67D191BE13A0C005CD45E /* EEBNavigationController.swift */,
				03A9F5CE1C0240890041A954 /* EEBTimingSessionsViewController.swift */,
			);
			name = ViewControllers;
			sourceTree = "<group>";
		};
		03B67CFC1BDFD010005CD45E /* Model */ = {
			isa = PBXGroup;
			children = (
				03B67D121BE08716005CD45E /* CoreData Generated */,
				03B67CFD1BDFD03B005CD45E /* AppData.xcdatamodeld */,
				03B67D001BE084D8005CD45E /* PersistentStoreManager.swift */,
				03054E791C06D2880067CF8C /* InvoiceTemplate.swift */,
			);
			name = Model;
			sourceTree = "<group>";
		};
		03B67D121BE08716005CD45E /* CoreData Generated */ = {
			isa = PBXGroup;
			children = (
				03B67D021BE08709005CD45E /* TimingSession+CoreDataProperties.swift */,
				03B67D031BE08709005CD45E /* TimingSession.swift */,
				03B67D041BE08709005CD45E /* Job+CoreDataProperties.swift */,
				03B67D051BE08709005CD45E /* Job.swift */,
				03B67D061BE08709005CD45E /* Invoice+CoreDataProperties.swift */,
				03B67D071BE08709005CD45E /* Invoice.swift */,
				03B67D081BE08709005CD45E /* Client+CoreDataProperties.swift */,
				03B67D091BE08709005CD45E /* Client.swift */,
			);
			name = "CoreData Generated";
			sourceTree = "<group>";
		};
		03B67D131BE11793005CD45E /* Resources */ = {
			isa = PBXGroup;
			children = (
				03054E761C06A0DC0067CF8C /* Invoice Templates */,
				032A88D21BE69831005AC234 /* Material design */,
				03B67D161BE117C7005CD45E /* Images */,
			);
			name = Resources;
			sourceTree = "<group>";
		};
		03B67D161BE117C7005CD45E /* Images */ = {
			isa = PBXGroup;
			children = (
				03B67D211BE27475005CD45E /* play32.png */,
				0382E6C41BF407DD002CABF5 /* stop32.png */,
				0382E6C61BF4086B002CABF5 /* pause32.png */,
				032A88D51BE6AFB8005AC234 /* delete.png */,
				03B67D1F1BE273F4005CD45E /* receipt-us32.png */,
				03B67D1D1BE26FA0005CD45E /* suitcase32.png */,
				03B67D141BE117BA005CD45E /* client128.png */,
			);
			name = Images;
			sourceTree = "<group>";
		};
		03B67D231BE27611005CD45E /* VIew */ = {
			isa = PBXGroup;
			children = (
				03B67D241BE27632005CD45E /* EEBStatusView.swift */,
				032A88D01BE56D74005AC234 /* EEBSimpleTableCellView.swift */,
				032A88D71BE6B0DA005AC234 /* EEBOverlayView.swift */,
				0378FAF01BE717F100F06307 /* EEBBorderedPictureButton.swift */,
				03A9F5D21C03E1600041A954 /* EEBPDFInvoiceCreator.swift */,
			);
			name = VIew;
			sourceTree = "<group>";
		};
		03C269971BDF2ABB00DAA4E7 = {
			isa = PBXGroup;
			children = (
				03C269A21BDF2ABB00DAA4E7 /* Task Tracker */,
				03C269B41BDF2ABB00DAA4E7 /* Task TrackerTests */,
				03C269A11BDF2ABB00DAA4E7 /* Products */,
			);
			sourceTree = "<group>";
		};
		03C269A11BDF2ABB00DAA4E7 /* Products */ = {
			isa = PBXGroup;
			children = (
				03C269A01BDF2ABB00DAA4E7 /* Task Tracker.app */,
				03C269B11BDF2ABB00DAA4E7 /* Task TrackerTests.xctest */,
			);
			name = Products;
			sourceTree = "<group>";
		};
		03C269A21BDF2ABB00DAA4E7 /* Task Tracker */ = {
			isa = PBXGroup;
			children = (
				0382E6C11BF3ED20002CABF5 /* Helper */,
				03B67D131BE11793005CD45E /* Resources */,
				03B67D231BE27611005CD45E /* VIew */,
				03B67CFC1BDFD010005CD45E /* Model */,
				0382E6B81BF3DBE9002CABF5 /* Controller */,
				03B67CFB1BDFCB59005CD45E /* ViewControllers */,
				03C269A31BDF2ABB00DAA4E7 /* AppDelegate.swift */,
				03C269C01BDF2B7700DAA4E7 /* MainWindowController.swift */,
				033FB2841BFD8565001020A3 /* Main.storyboard */,
				03C269A71BDF2ABB00DAA4E7 /* Assets.xcassets */,
				03C269AC1BDF2ABB00DAA4E7 /* Info.plist */,
			);
			path = "Task Tracker";
			sourceTree = "<group>";
		};
		03C269B41BDF2ABB00DAA4E7 /* Task TrackerTests */ = {
			isa = PBXGroup;
			children = (
				03C269B51BDF2ABB00DAA4E7 /* Task_TrackerTests.swift */,
				03C269B71BDF2ABB00DAA4E7 /* Info.plist */,
			);
			path = "Task TrackerTests";
			sourceTree = "<group>";
		};
/* End PBXGroup section */

/* Begin PBXNativeTarget section */
		03C2699F1BDF2ABB00DAA4E7 /* Task Tracker */ = {
			isa = PBXNativeTarget;
			buildConfigurationList = 03C269BA1BDF2ABB00DAA4E7 /* Build configuration list for PBXNativeTarget "Task Tracker" */;
			buildPhases = (
				03C2699C1BDF2ABB00DAA4E7 /* Sources */,
				03C2699D1BDF2ABB00DAA4E7 /* Frameworks */,
				03C2699E1BDF2ABB00DAA4E7 /* Resources */,
			);
			buildRules = (
			);
			dependencies = (
			);
			name = "Task Tracker";
			productName = "Task Tracker";
			productReference = 03C269A01BDF2ABB00DAA4E7 /* Task Tracker.app */;
			productType = "com.apple.product-type.application";
		};
		03C269B01BDF2ABB00DAA4E7 /* Task TrackerTests */ = {
			isa = PBXNativeTarget;
			buildConfigurationList = 03C269BD1BDF2ABB00DAA4E7 /* Build configuration list for PBXNativeTarget "Task TrackerTests" */;
			buildPhases = (
				03C269AD1BDF2ABB00DAA4E7 /* Sources */,
				03C269AE1BDF2ABB00DAA4E7 /* Frameworks */,
				03C269AF1BDF2ABB00DAA4E7 /* Resources */,
			);
			buildRules = (
			);
			dependencies = (
				03C269B31BDF2ABB00DAA4E7 /* PBXTargetDependency */,
			);
			name = "Task TrackerTests";
			productName = "Task TrackerTests";
			productReference = 03C269B11BDF2ABB00DAA4E7 /* Task TrackerTests.xctest */;
			productType = "com.apple.product-type.bundle.unit-test";
		};
/* End PBXNativeTarget section */

/* Begin PBXProject section */
		03C269981BDF2ABB00DAA4E7 /* Project object */ = {
			isa = PBXProject;
			attributes = {
				LastSwiftUpdateCheck = 0710;
				LastUpgradeCheck = 0710;
				ORGANIZATIONNAME = "Barefoot Systems";
				TargetAttributes = {
					03C2699F1BDF2ABB00DAA4E7 = {
						CreatedOnToolsVersion = 7.1;
					};
					03C269B01BDF2ABB00DAA4E7 = {
						CreatedOnToolsVersion = 7.1;
						TestTargetID = 03C2699F1BDF2ABB00DAA4E7;
					};
				};
			};
			buildConfigurationList = 03C2699B1BDF2ABB00DAA4E7 /* Build configuration list for PBXProject "Task Tracker" */;
			compatibilityVersion = "Xcode 3.2";
			developmentRegion = English;
			hasScannedForEncodings = 0;
			knownRegions = (
				en,
				Base,
			);
			mainGroup = 03C269971BDF2ABB00DAA4E7;
			productRefGroup = 03C269A11BDF2ABB00DAA4E7 /* Products */;
			projectDirPath = "";
			projectRoot = "";
			targets = (
				03C2699F1BDF2ABB00DAA4E7 /* Task Tracker */,
				03C269B01BDF2ABB00DAA4E7 /* Task TrackerTests */,
			);
		};
/* End PBXProject section */

/* Begin PBXResourcesBuildPhase section */
		03C2699E1BDF2ABB00DAA4E7 /* Resources */ = {
			isa = PBXResourcesBuildPhase;
			buildActionMask = 2147483647;
			files = (
				0378FAF71BE7B60100F06307 /* square-inc-cash-48.png in Resources */,
				032A88D61BE6AFB8005AC234 /* delete.png in Resources */,
				0382E6C71BF4086B002CABF5 /* pause32.png in Resources */,
				039A836F1BFADC4B00BD64C7 /* share-48.png in Resources */,
				03B67D1E1BE26FA0005CD45E /* suitcase32.png in Resources */,
				03B67D221BE27475005CD45E /* play32.png in Resources */,
				03B67D201BE273F4005CD45E /* receipt-us32.png in Resources */,
				033FB2861BFD8565001020A3 /* Main.storyboard in Resources */,
				0382E6C51BF407DD002CABF5 /* stop32.png in Resources */,
				0378FAF31BE71B8900F06307 /* arrow-left-black-48.png in Resources */,
				032A88D41BE69856005AC234 /* arrow-right-black-48.png in Resources */,
				0378FAF51BE7B5F000F06307 /* settings-48.png in Resources */,
				03054E781C06A10D0067CF8C /* Basic.json in Resources */,
				03C269A81BDF2ABB00DAA4E7 /* Assets.xcassets in Resources */,
				03B67D151BE117BA005CD45E /* client128.png in Resources */,
			);
			runOnlyForDeploymentPostprocessing = 0;
		};
		03C269AF1BDF2ABB00DAA4E7 /* Resources */ = {
			isa = PBXResourcesBuildPhase;
			buildActionMask = 2147483647;
			files = (
			);
			runOnlyForDeploymentPostprocessing = 0;
		};
/* End PBXResourcesBuildPhase section */

/* Begin PBXSourcesBuildPhase section */
		03C2699C1BDF2ABB00DAA4E7 /* Sources */ = {
			isa = PBXSourcesBuildPhase;
			buildActionMask = 2147483647;
			files = (
				03B67D251BE27632005CD45E /* EEBStatusView.swift in Sources */,
				03C269A61BDF2ABB00DAA4E7 /* EEBClientViewController.swift in Sources */,
				03C269A41BDF2ABB00DAA4E7 /* AppDelegate.swift in Sources */,
				03B67D0A1BE08709005CD45E /* TimingSession+CoreDataProperties.swift in Sources */,
				034DA68C1BFAB7CA004ECFD4 /* EEBInvoiceViewController.swift in Sources */,
				0378FAF11BE717F100F06307 /* EEBBorderedPictureButton.swift in Sources */,
				03A9F5CD1C0234680041A954 /* NSToolbar+findItems.swift in Sources */,
				03B67CFF1BDFD03B005CD45E /* AppData.xcdatamodeld in Sources */,
				03B67D0D1BE08709005CD45E /* Job.swift in Sources */,
				03054E7A1C06D2880067CF8C /* InvoiceTemplate.swift in Sources */,
				032A88D11BE56D74005AC234 /* EEBSimpleTableCellView.swift in Sources */,
				03B67D1A1BE13A0C005CD45E /* EEBNavigationController.swift in Sources */,
				03A9F5D31C03E1600041A954 /* EEBPDFInvoiceCreator.swift in Sources */,
				03B67D011BE084D8005CD45E /* PersistentStoreManager.swift in Sources */,
				03B67D111BE08709005CD45E /* Client.swift in Sources */,
				03B67D0C1BE08709005CD45E /* Job+CoreDataProperties.swift in Sources */,
				03B67D181BE12D0B005CD45E /* EEBJobViewController.swift in Sources */,
				03B67D1C1BE16498005CD45E /* EEBBaseTableViewController.swift in Sources */,
				03C269C11BDF2B7700DAA4E7 /* MainWindowController.swift in Sources */,
				03A9F5CF1C0240890041A954 /* EEBTimingSessionsViewController.swift in Sources */,
				03A9F5D11C0253C50041A954 /* NSTimerInterval+String.swift in Sources */,
				0382E6C31BF3ED29002CABF5 /* constants.swift in Sources */,
				032A88D81BE6B0DA005AC234 /* EEBOverlayView.swift in Sources */,
				03B67D101BE08709005CD45E /* Client+CoreDataProperties.swift in Sources */,
				03B67D0E1BE08709005CD45E /* Invoice+CoreDataProperties.swift in Sources */,
				0382E6BA1BF3DC05002CABF5 /* Timer.swift in Sources */,
				03B67D0B1BE08709005CD45E /* TimingSession.swift in Sources */,
				03B67D0F1BE08709005CD45E /* Invoice.swift in Sources */,
			);
			runOnlyForDeploymentPostprocessing = 0;
		};
		03C269AD1BDF2ABB00DAA4E7 /* Sources */ = {
			isa = PBXSourcesBuildPhase;
			buildActionMask = 2147483647;
			files = (
				03C269B61BDF2ABB00DAA4E7 /* Task_TrackerTests.swift in Sources */,
			);
			runOnlyForDeploymentPostprocessing = 0;
		};
/* End PBXSourcesBuildPhase section */

/* Begin PBXTargetDependency section */
		03C269B31BDF2ABB00DAA4E7 /* PBXTargetDependency */ = {
			isa = PBXTargetDependency;
			target = 03C2699F1BDF2ABB00DAA4E7 /* Task Tracker */;
			targetProxy = 03C269B21BDF2ABB00DAA4E7 /* PBXContainerItemProxy */;
		};
/* End PBXTargetDependency section */

/* Begin PBXVariantGroup section */
		033FB2841BFD8565001020A3 /* Main.storyboard */ = {
			isa = PBXVariantGroup;
			children = (
				033FB2851BFD8565001020A3 /* Base */,
			);
			name = Main.storyboard;
			path = ..;
			sourceTree = "<group>";
		};
/* End PBXVariantGroup section */

/* Begin XCBuildConfiguration section */
		03C269B81BDF2ABB00DAA4E7 /* Debug */ = {
			isa = XCBuildConfiguration;
			buildSettings = {
				ALWAYS_SEARCH_USER_PATHS = NO;
				CLANG_CXX_LANGUAGE_STANDARD = "gnu++0x";
				CLANG_CXX_LIBRARY = "libc++";
				CLANG_ENABLE_MODULES = YES;
				CLANG_ENABLE_OBJC_ARC = YES;
				CLANG_WARN_BOOL_CONVERSION = YES;
				CLANG_WARN_CONSTANT_CONVERSION = YES;
				CLANG_WARN_DIRECT_OBJC_ISA_USAGE = YES_ERROR;
				CLANG_WARN_EMPTY_BODY = YES;
				CLANG_WARN_ENUM_CONVERSION = YES;
				CLANG_WARN_INT_CONVERSION = YES;
				CLANG_WARN_OBJC_ROOT_CLASS = YES_ERROR;
				CLANG_WARN_UNREACHABLE_CODE = YES;
				CLANG_WARN__DUPLICATE_METHOD_MATCH = YES;
				CODE_SIGN_IDENTITY = "-";
				COPY_PHASE_STRIP = NO;
				DEBUG_INFORMATION_FORMAT = dwarf;
				ENABLE_STRICT_OBJC_MSGSEND = YES;
				ENABLE_TESTABILITY = YES;
				GCC_C_LANGUAGE_STANDARD = gnu99;
				GCC_DYNAMIC_NO_PIC = NO;
				GCC_NO_COMMON_BLOCKS = YES;
				GCC_OPTIMIZATION_LEVEL = 0;
				GCC_PREPROCESSOR_DEFINITIONS = (
					"DEBUG=1",
					"$(inherited)",
				);
				GCC_WARN_64_TO_32_BIT_CONVERSION = YES;
				GCC_WARN_ABOUT_RETURN_TYPE = YES_ERROR;
				GCC_WARN_UNDECLARED_SELECTOR = YES;
				GCC_WARN_UNINITIALIZED_AUTOS = YES_AGGRESSIVE;
				GCC_WARN_UNUSED_FUNCTION = YES;
				GCC_WARN_UNUSED_VARIABLE = YES;
				MACOSX_DEPLOYMENT_TARGET = 10.11;
				MTL_ENABLE_DEBUG_INFO = YES;
				ONLY_ACTIVE_ARCH = YES;
				SDKROOT = macosx;
				SWIFT_OPTIMIZATION_LEVEL = "-Onone";
			};
			name = Debug;
		};
		03C269B91BDF2ABB00DAA4E7 /* Release */ = {
			isa = XCBuildConfiguration;
			buildSettings = {
				ALWAYS_SEARCH_USER_PATHS = NO;
				CLANG_CXX_LANGUAGE_STANDARD = "gnu++0x";
				CLANG_CXX_LIBRARY = "libc++";
				CLANG_ENABLE_MODULES = YES;
				CLANG_ENABLE_OBJC_ARC = YES;
				CLANG_WARN_BOOL_CONVERSION = YES;
				CLANG_WARN_CONSTANT_CONVERSION = YES;
				CLANG_WARN_DIRECT_OBJC_ISA_USAGE = YES_ERROR;
				CLANG_WARN_EMPTY_BODY = YES;
				CLANG_WARN_ENUM_CONVERSION = YES;
				CLANG_WARN_INT_CONVERSION = YES;
				CLANG_WARN_OBJC_ROOT_CLASS = YES_ERROR;
				CLANG_WARN_UNREACHABLE_CODE = YES;
				CLANG_WARN__DUPLICATE_METHOD_MATCH = YES;
				CODE_SIGN_IDENTITY = "-";
				COPY_PHASE_STRIP = NO;
				DEBUG_INFORMATION_FORMAT = "dwarf-with-dsym";
				ENABLE_NS_ASSERTIONS = NO;
				ENABLE_STRICT_OBJC_MSGSEND = YES;
				GCC_C_LANGUAGE_STANDARD = gnu99;
				GCC_NO_COMMON_BLOCKS = YES;
				GCC_WARN_64_TO_32_BIT_CONVERSION = YES;
				GCC_WARN_ABOUT_RETURN_TYPE = YES_ERROR;
				GCC_WARN_UNDECLARED_SELECTOR = YES;
				GCC_WARN_UNINITIALIZED_AUTOS = YES_AGGRESSIVE;
				GCC_WARN_UNUSED_FUNCTION = YES;
				GCC_WARN_UNUSED_VARIABLE = YES;
				MACOSX_DEPLOYMENT_TARGET = 10.11;
				MTL_ENABLE_DEBUG_INFO = NO;
				SDKROOT = macosx;
			};
			name = Release;
		};
		03C269BB1BDF2ABB00DAA4E7 /* Debug */ = {
			isa = XCBuildConfiguration;
			buildSettings = {
				ASSETCATALOG_COMPILER_APPICON_NAME = AppIcon;
				COMBINE_HIDPI_IMAGES = YES;
				INFOPLIST_FILE = "Task Tracker/Info.plist";
				LD_RUNPATH_SEARCH_PATHS = "$(inherited) @executable_path/../Frameworks";
				MACOSX_DEPLOYMENT_TARGET = 10.11;
				PRODUCT_BUNDLE_IDENTIFIER = "com.barefootsystems.Task-Tracker";
				PRODUCT_NAME = "$(TARGET_NAME)";
				SDKROOT = macosx10.11;
			};
			name = Debug;
		};
		03C269BC1BDF2ABB00DAA4E7 /* Release */ = {
			isa = XCBuildConfiguration;
			buildSettings = {
				ASSETCATALOG_COMPILER_APPICON_NAME = AppIcon;
				COMBINE_HIDPI_IMAGES = YES;
				INFOPLIST_FILE = "Task Tracker/Info.plist";
				LD_RUNPATH_SEARCH_PATHS = "$(inherited) @executable_path/../Frameworks";
				MACOSX_DEPLOYMENT_TARGET = 10.11;
				PRODUCT_BUNDLE_IDENTIFIER = "com.barefootsystems.Task-Tracker";
				PRODUCT_NAME = "$(TARGET_NAME)";
				SDKROOT = macosx10.11;
			};
			name = Release;
		};
		03C269BE1BDF2ABB00DAA4E7 /* Debug */ = {
			isa = XCBuildConfiguration;
			buildSettings = {
				BUNDLE_LOADER = "$(TEST_HOST)";
				COMBINE_HIDPI_IMAGES = YES;
				INFOPLIST_FILE = "Task TrackerTests/Info.plist";
				LD_RUNPATH_SEARCH_PATHS = "$(inherited) @executable_path/../Frameworks @loader_path/../Frameworks";
				PRODUCT_BUNDLE_IDENTIFIER = "com.barefootsystems.Task-TrackerTests";
				PRODUCT_NAME = "$(TARGET_NAME)";
				TEST_HOST = "$(BUILT_PRODUCTS_DIR)/Task Tracker.app/Contents/MacOS/Task Tracker";
			};
			name = Debug;
		};
		03C269BF1BDF2ABB00DAA4E7 /* Release */ = {
			isa = XCBuildConfiguration;
			buildSettings = {
				BUNDLE_LOADER = "$(TEST_HOST)";
				COMBINE_HIDPI_IMAGES = YES;
				INFOPLIST_FILE = "Task TrackerTests/Info.plist";
				LD_RUNPATH_SEARCH_PATHS = "$(inherited) @executable_path/../Frameworks @loader_path/../Frameworks";
				PRODUCT_BUNDLE_IDENTIFIER = "com.barefootsystems.Task-TrackerTests";
				PRODUCT_NAME = "$(TARGET_NAME)";
				TEST_HOST = "$(BUILT_PRODUCTS_DIR)/Task Tracker.app/Contents/MacOS/Task Tracker";
			};
			name = Release;
		};
/* End XCBuildConfiguration section */

/* Begin XCConfigurationList section */
		03C2699B1BDF2ABB00DAA4E7 /* Build configuration list for PBXProject "Task Tracker" */ = {
			isa = XCConfigurationList;
			buildConfigurations = (
				03C269B81BDF2ABB00DAA4E7 /* Debug */,
				03C269B91BDF2ABB00DAA4E7 /* Release */,
			);
			defaultConfigurationIsVisible = 0;
			defaultConfigurationName = Release;
		};
		03C269BA1BDF2ABB00DAA4E7 /* Build configuration list for PBXNativeTarget "Task Tracker" */ = {
			isa = XCConfigurationList;
			buildConfigurations = (
				03C269BB1BDF2ABB00DAA4E7 /* Debug */,
				03C269BC1BDF2ABB00DAA4E7 /* Release */,
			);
			defaultConfigurationIsVisible = 0;
			defaultConfigurationName = Release;
		};
		03C269BD1BDF2ABB00DAA4E7 /* Build configuration list for PBXNativeTarget "Task TrackerTests" */ = {
			isa = XCConfigurationList;
			buildConfigurations = (
				03C269BE1BDF2ABB00DAA4E7 /* Debug */,
				03C269BF1BDF2ABB00DAA4E7 /* Release */,
			);
			defaultConfigurationIsVisible = 0;
			defaultConfigurationName = Release;
		};
/* End XCConfigurationList section */

/* Begin XCVersionGroup section */
		03B67CFD1BDFD03B005CD45E /* AppData.xcdatamodeld */ = {
			isa = XCVersionGroup;
			children = (
				03B67CFE1BDFD03B005CD45E /* AppData.xcdatamodel */,
			);
			currentVersion = 03B67CFE1BDFD03B005CD45E /* AppData.xcdatamodel */;
			path = AppData.xcdatamodeld;
			sourceTree = "<group>";
			versionGroupType = wrapper.xcdatamodel;
		};
/* End XCVersionGroup section */
	};
	rootObject = 03C269981BDF2ABB00DAA4E7 /* Project object */;
}
